lockfileVersion: '9.0'

settings:
  autoInstallPeers: true
  excludeLinksFromLockfile: false

importers:

  .:
    dependencies:
      composer:
        specifier: ^4.1.0
        version: 4.1.0

packages:

  composer@4.1.0:
    resolution: {integrity: sha512-qIIoNYjwFHrQFUdB8kD3pZs30+JeYK9149EpOYr/NVrii00KMO31IonzZMeRSU4qazyWZpEgVzkBmQ6VFWxedA==}
    engines: {node: '>=8'}

  pretty-time@1.1.0:
    resolution: {integrity: sha512-28iF6xPQrP8Oa6uxE6a1biz+lWeTOAPKggvjB8HAs6nVMKZwf5bG++632Dx614hIWgUPkgivRfG+a8uAXGTIbA==}
    engines: {node: '>=4'}

  use@3.1.1:
    resolution: {integrity: sha512-cwESVXlO3url9YWlFW/TA9cshCEhtu7IKJ/p5soJ/gGpj7vbvFrAY/eIioQ6Dw23KjZhYgiIo8HOs1nQ2vr/oQ==}
    engines: {node: '>=0.10.0'}

snapshots:

  composer@4.1.0:
    dependencies:
      pretty-time: 1.1.0
      use: 3.1.1

  pretty-time@1.1.0: {}

  use@3.1.1: {}
